
Microsoft Visual Studio Solution File, Format Version 12.00
# Visual Studio Version 17
VisualStudioVersion = 17.5.002.0
MinimumVisualStudioVersion = 10.0.40219.1
Project("{9A19103F-16F7-4668-BE54-9A1E7A4F7556}") = "calculator", "calculator\calculator.csproj", "{9015AB8D-7F0D-4344-89DE-7FE0668D19CB}"
EndProject
Global
	GlobalSection(SolutionConfigurationPlatforms) = preSolution
		Debug|Any CPU = Debug|Any CPU
		Release|Any CPU = Release|Any CPU
	EndGlobalSection
	GlobalSection(ProjectConfigurationPlatforms) = postSolution
		{9015AB8D-7F0D-4344-89DE-7FE0668D19CB}.Debug|Any CPU.ActiveCfg = Debug|Any CPU
		{9015AB8D-7F0D-4344-89DE-7FE0668D19CB}.Debug|Any CPU.Build.0 = Debug|Any CPU
		{9015AB8D-7F0D-4344-89DE-7FE0668D19CB}.Release|Any CPU.ActiveCfg = Release|Any CPU
		{9015AB8D-7F0D-4344-89DE-7FE0668D19CB}.Release|Any CPU.Build.0 = Release|Any CPU
	EndGlobalSection
	GlobalSection(SolutionProperties) = preSolution
		HideSolutionNode = FALSE
	EndGlobalSection
	GlobalSection(ExtensibilityGlobals) = postSolution
		SolutionGuid = {B30F5528-8889-4363-926B-6B13F772D01D}
	EndGlobalSection
EndGlobal
